
Microsoft Visual Studio Solution File, Format Version 12.00
# Visual Studio 15
VisualStudioVersion = 15.0.27428.2027
MinimumVisualStudioVersion = 10.0.40219.1
Project("{9A19103F-16F7-4668-BE54-9A1E7A4F7556}") = "reCLI.Core", "reCLI.Core\reCLI.Core.csproj", "{46EBCB5B-89CA-4616-BC99-100880ACB1CB}"
EndProject
Project("{9A19103F-16F7-4668-BE54-9A1E7A4F7556}") = "reCLI.Plugin", "reCLI.Plugin\reCLI.Plugin.csproj", "{D6F0384D-A790-4BC1-A6F4-2D84DCF1E576}"
EndProject
Project("{FAE04EC0-301F-11D3-BF4B-00C04F79EFBC}") = "reCLI", "reCLI\reCLI.csproj", "{84B75659-33B5-460C-B103-E3FFB4529E60}"
EndProject
Project("{2150E333-8FDC-42A3-9474-1A3956D46DE8}") = "Plugins", "Plugins", "{F5B25E6A-997C-4D7B-8DEF-CB9443EE557C}"
EndProject
Project("{FAE04EC0-301F-11D3-BF4B-00C04F79EFBC}") = "reCLI.Infrastructure", "reCLI.Infrastructure\reCLI.Infrastructure.csproj", "{F5762C1D-53FD-43F2-A9A9-77DCDA9588FC}"
EndProject
Project("{FAE04EC0-301F-11D3-BF4B-00C04F79EFBC}") = "reCLI.Plugin.UI", "reCLI.Plugin.UI\reCLI.Plugin.UI.csproj", "{00E7419E-39E2-43E3-B20F-DF0011138291}"
EndProject
Project("{FAE04EC0-301F-11D3-BF4B-00C04F79EFBC}") = "HelloWorld", "Plugins\HelloWorld\HelloWorld.csproj", "{52940AA0-0E79-49EE-BBF5-1DA7A9CCA837}"
EndProject
Project("{FAE04EC0-301F-11D3-BF4B-00C04F79EFBC}") = "reCLI.Plugins.WebSearch", "Plugins\reCLI.Plugins.WebSearch\reCLI.Plugins.WebSearch.csproj", "{80EF75CC-07F0-4384-B6EF-2F146669B2E5}"
EndProject
Project("{FAE04EC0-301F-11D3-BF4B-00C04F79EFBC}") = "reCLI.Plugins.Translator", "Plugins\reCLI.Plugins.Translator\reCLI.Plugins.Translator.csproj", "{9AC5B5B2-0238-413F-99CF-3D7E3C182858}"
EndProject
Project("{FAE04EC0-301F-11D3-BF4B-00C04F79EFBC}") = "reCLI.Plugins.Tools", "Plugins\reCLI.Plugins.Tools\reCLI.Plugins.Tools.csproj", "{46F7B248-4C35-40CE-993D-B6A49F55970B}"
EndProject
Project("{FAE04EC0-301F-11D3-BF4B-00C04F79EFBC}") = "reCLI.Plugins.FileSearch", "Plugins\reCLI.Plugins.FileSearch\reCLI.Plugins.FileSearch.csproj", "{708845E2-D073-45A4-B1EC-403B792A92AE}"
EndProject
Project("{FAE04EC0-301F-11D3-BF4B-00C04F79EFBC}") = "reCLI.Plugins.Shell", "Plugins\reCLI.Plugins.Shell\reCLI.Plugins.Shell.csproj", "{04097AD5-31F6-464F-80EA-5BF0F3DBA66B}"
EndProject
Project("{FAE04EC0-301F-11D3-BF4B-00C04F79EFBC}") = "reCLI.Plugins.Note", "Plugins\reCLI.Plugins.Note\reCLI.Plugins.Note.csproj", "{DDBC7C5C-D3D9-4B3E-8B80-8DBB8A273A1D}"
EndProject
Project("{FAE04EC0-301F-11D3-BF4B-00C04F79EFBC}") = "reCLI.Plugins.Calculator", "Plugins\reCLI.Plugins.Calculator\reCLI.Plugins.Calculator.csproj", "{1474F7FE-E673-466C-BA5F-390D46FC41AB}"
EndProject
Project("{FAE04EC0-301F-11D3-BF4B-00C04F79EFBC}") = "reCLI.Plugins.Music", "Plugins\reCLI.Plugins.Music\reCLI.Plugins.Music.csproj", "{96CC8D4C-75B7-40AC-8567-69A2DFE83209}"
EndProject
Global
	GlobalSection(SolutionConfigurationPlatforms) = preSolution
		Debug|Any CPU = Debug|Any CPU
		Release|Any CPU = Release|Any CPU
	EndGlobalSection
	GlobalSection(ProjectConfigurationPlatforms) = postSolution
		{46EBCB5B-89CA-4616-BC99-100880ACB1CB}.Debug|Any CPU.ActiveCfg = Debug|Any CPU
		{46EBCB5B-89CA-4616-BC99-100880ACB1CB}.Debug|Any CPU.Build.0 = Debug|Any CPU
		{46EBCB5B-89CA-4616-BC99-100880ACB1CB}.Release|Any CPU.ActiveCfg = Release|Any CPU
		{46EBCB5B-89CA-4616-BC99-100880ACB1CB}.Release|Any CPU.Build.0 = Release|Any CPU
		{D6F0384D-A790-4BC1-A6F4-2D84DCF1E576}.Debug|Any CPU.ActiveCfg = Debug|Any CPU
		{D6F0384D-A790-4BC1-A6F4-2D84DCF1E576}.Debug|Any CPU.Build.0 = Debug|Any CPU
		{D6F0384D-A790-4BC1-A6F4-2D84DCF1E576}.Release|Any CPU.ActiveCfg = Release|Any CPU
		{D6F0384D-A790-4BC1-A6F4-2D84DCF1E576}.Release|Any CPU.Build.0 = Release|Any CPU
		{84B75659-33B5-460C-B103-E3FFB4529E60}.Debug|Any CPU.ActiveCfg = Debug|Any CPU
		{84B75659-33B5-460C-B103-E3FFB4529E60}.Debug|Any CPU.Build.0 = Debug|Any CPU
		{84B75659-33B5-460C-B103-E3FFB4529E60}.Release|Any CPU.ActiveCfg = Release|Any CPU
		{84B75659-33B5-460C-B103-E3FFB4529E60}.Release|Any CPU.Build.0 = Release|Any CPU
		{F5762C1D-53FD-43F2-A9A9-77DCDA9588FC}.Debug|Any CPU.ActiveCfg = Debug|Any CPU
		{F5762C1D-53FD-43F2-A9A9-77DCDA9588FC}.Debug|Any CPU.Build.0 = Debug|Any CPU
		{F5762C1D-53FD-43F2-A9A9-77DCDA9588FC}.Release|Any CPU.ActiveCfg = Release|Any CPU
		{F5762C1D-53FD-43F2-A9A9-77DCDA9588FC}.Release|Any CPU.Build.0 = Release|Any CPU
		{00E7419E-39E2-43E3-B20F-DF0011138291}.Debug|Any CPU.ActiveCfg = Debug|Any CPU
		{00E7419E-39E2-43E3-B20F-DF0011138291}.Debug|Any CPU.Build.0 = Debug|Any CPU
		{00E7419E-39E2-43E3-B20F-DF0011138291}.Release|Any CPU.ActiveCfg = Release|Any CPU
		{00E7419E-39E2-43E3-B20F-DF0011138291}.Release|Any CPU.Build.0 = Release|Any CPU
		{52940AA0-0E79-49EE-BBF5-1DA7A9CCA837}.Debug|Any CPU.ActiveCfg = Debug|Any CPU
		{52940AA0-0E79-49EE-BBF5-1DA7A9CCA837}.Debug|Any CPU.Build.0 = Debug|Any CPU
		{52940AA0-0E79-49EE-BBF5-1DA7A9CCA837}.Release|Any CPU.ActiveCfg = Release|Any CPU
		{52940AA0-0E79-49EE-BBF5-1DA7A9CCA837}.Release|Any CPU.Build.0 = Release|Any CPU
		{80EF75CC-07F0-4384-B6EF-2F146669B2E5}.Debug|Any CPU.ActiveCfg = Debug|Any CPU
		{80EF75CC-07F0-4384-B6EF-2F146669B2E5}.Debug|Any CPU.Build.0 = Debug|Any CPU
		{80EF75CC-07F0-4384-B6EF-2F146669B2E5}.Release|Any CPU.ActiveCfg = Release|Any CPU
		{80EF75CC-07F0-4384-B6EF-2F146669B2E5}.Release|Any CPU.Build.0 = Release|Any CPU
		{9AC5B5B2-0238-413F-99CF-3D7E3C182858}.Debug|Any CPU.ActiveCfg = Debug|Any CPU
		{9AC5B5B2-0238-413F-99CF-3D7E3C182858}.Debug|Any CPU.Build.0 = Debug|Any CPU
		{9AC5B5B2-0238-413F-99CF-3D7E3C182858}.Release|Any CPU.ActiveCfg = Release|Any CPU
		{9AC5B5B2-0238-413F-99CF-3D7E3C182858}.Release|Any CPU.Build.0 = Release|Any CPU
		{46F7B248-4C35-40CE-993D-B6A49F55970B}.Debug|Any CPU.ActiveCfg = Debug|Any CPU
		{46F7B248-4C35-40CE-993D-B6A49F55970B}.Debug|Any CPU.Build.0 = Debug|Any CPU
		{46F7B248-4C35-40CE-993D-B6A49F55970B}.Release|Any CPU.ActiveCfg = Release|Any CPU
		{46F7B248-4C35-40CE-993D-B6A49F55970B}.Release|Any CPU.Build.0 = Release|Any CPU
		{708845E2-D073-45A4-B1EC-403B792A92AE}.Debug|Any CPU.ActiveCfg = Debug|Any CPU
		{708845E2-D073-45A4-B1EC-403B792A92AE}.Debug|Any CPU.Build.0 = Debug|Any CPU
		{708845E2-D073-45A4-B1EC-403B792A92AE}.Release|Any CPU.ActiveCfg = Release|Any CPU
		{708845E2-D073-45A4-B1EC-403B792A92AE}.Release|Any CPU.Build.0 = Release|Any CPU
		{04097AD5-31F6-464F-80EA-5BF0F3DBA66B}.Debug|Any CPU.ActiveCfg = Debug|Any CPU
		{04097AD5-31F6-464F-80EA-5BF0F3DBA66B}.Debug|Any CPU.Build.0 = Debug|Any CPU
		{04097AD5-31F6-464F-80EA-5BF0F3DBA66B}.Release|Any CPU.ActiveCfg = Release|Any CPU
		{04097AD5-31F6-464F-80EA-5BF0F3DBA66B}.Release|Any CPU.Build.0 = Release|Any CPU
		{DDBC7C5C-D3D9-4B3E-8B80-8DBB8A273A1D}.Debug|Any CPU.ActiveCfg = Debug|Any CPU
		{DDBC7C5C-D3D9-4B3E-8B80-8DBB8A273A1D}.Debug|Any CPU.Build.0 = Debug|Any CPU
		{DDBC7C5C-D3D9-4B3E-8B80-8DBB8A273A1D}.Release|Any CPU.ActiveCfg = Release|Any CPU
		{DDBC7C5C-D3D9-4B3E-8B80-8DBB8A273A1D}.Release|Any CPU.Build.0 = Release|Any CPU
		{1474F7FE-E673-466C-BA5F-390D46FC41AB}.Debug|Any CPU.ActiveCfg = Debug|Any CPU
		{1474F7FE-E673-466C-BA5F-390D46FC41AB}.Debug|Any CPU.Build.0 = Debug|Any CPU
		{1474F7FE-E673-466C-BA5F-390D46FC41AB}.Release|Any CPU.ActiveCfg = Release|Any CPU
		{1474F7FE-E673-466C-BA5F-390D46FC41AB}.Release|Any CPU.Build.0 = Release|Any CPU
		{96CC8D4C-75B7-40AC-8567-69A2DFE83209}.Debug|Any CPU.ActiveCfg = Debug|Any CPU
		{96CC8D4C-75B7-40AC-8567-69A2DFE83209}.Debug|Any CPU.Build.0 = Debug|Any CPU
		{96CC8D4C-75B7-40AC-8567-69A2DFE83209}.Release|Any CPU.ActiveCfg = Release|Any CPU
		{96CC8D4C-75B7-40AC-8567-69A2DFE83209}.Release|Any CPU.Build.0 = Release|Any CPU
	EndGlobalSection
	GlobalSection(SolutionProperties) = preSolution
		HideSolutionNode = FALSE
	EndGlobalSection
	GlobalSection(NestedProjects) = preSolution
		{52940AA0-0E79-49EE-BBF5-1DA7A9CCA837} = {F5B25E6A-997C-4D7B-8DEF-CB9443EE557C}
		{80EF75CC-07F0-4384-B6EF-2F146669B2E5} = {F5B25E6A-997C-4D7B-8DEF-CB9443EE557C}
		{9AC5B5B2-0238-413F-99CF-3D7E3C182858} = {F5B25E6A-997C-4D7B-8DEF-CB9443EE557C}
		{46F7B248-4C35-40CE-993D-B6A49F55970B} = {F5B25E6A-997C-4D7B-8DEF-CB9443EE557C}
		{708845E2-D073-45A4-B1EC-403B792A92AE} = {F5B25E6A-997C-4D7B-8DEF-CB9443EE557C}
		{04097AD5-31F6-464F-80EA-5BF0F3DBA66B} = {F5B25E6A-997C-4D7B-8DEF-CB9443EE557C}
		{DDBC7C5C-D3D9-4B3E-8B80-8DBB8A273A1D} = {F5B25E6A-997C-4D7B-8DEF-CB9443EE557C}
		{1474F7FE-E673-466C-BA5F-390D46FC41AB} = {F5B25E6A-997C-4D7B-8DEF-CB9443EE557C}
		{96CC8D4C-75B7-40AC-8567-69A2DFE83209} = {F5B25E6A-997C-4D7B-8DEF-CB9443EE557C}
	EndGlobalSection
	GlobalSection(ExtensibilityGlobals) = postSolution
		SolutionGuid = {F89B9746-F898-4B8A-A6A9-F6EE25C4619E}
	EndGlobalSection
EndGlobal
